
Microsoft Visual Studio Solution File, Format Version 12.00
# Visual Studio Version 17
VisualStudioVersion = 17.7.34031.279
MinimumVisualStudioVersion = 10.0.40219.1
Project("{9A19103F-16F7-4668-BE54-9A1E7A4F7556}") = "CakeZone.EntityFramework", "CakeZone.EntityFramework\CakeZone.EntityFramework.csproj", "{7222C6A2-D3B1-466B-A864-DD4881690964}"
EndProject
Project("{9A19103F-16F7-4668-BE54-9A1E7A4F7556}") = "CakeZone.Web", "CakeZone.Web\CakeZone.Web.csproj", "{605DA917-7FF5-4100-8947-4C724CC19504}"
EndProject
Global
	GlobalSection(SolutionConfigurationPlatforms) = preSolution
		Debug|Any CPU = Debug|Any CPU
		Release|Any CPU = Release|Any CPU
	EndGlobalSection
	GlobalSection(ProjectConfigurationPlatforms) = postSolution
		{7222C6A2-D3B1-466B-A864-DD4881690964}.Debug|Any CPU.ActiveCfg = Debug|Any CPU
		{7222C6A2-D3B1-466B-A864-DD4881690964}.Debug|Any CPU.Build.0 = Debug|Any CPU
		{7222C6A2-D3B1-466B-A864-DD4881690964}.Release|Any CPU.ActiveCfg = Release|Any CPU
		{7222C6A2-D3B1-466B-A864-DD4881690964}.Release|Any CPU.Build.0 = Release|Any CPU
		{605DA917-7FF5-4100-8947-4C724CC19504}.Debug|Any CPU.ActiveCfg = Debug|Any CPU
		{605DA917-7FF5-4100-8947-4C724CC19504}.Debug|Any CPU.Build.0 = Debug|Any CPU
		{605DA917-7FF5-4100-8947-4C724CC19504}.Release|Any CPU.ActiveCfg = Release|Any CPU
		{605DA917-7FF5-4100-8947-4C724CC19504}.Release|Any CPU.Build.0 = Release|Any CPU
	EndGlobalSection
	GlobalSection(SolutionProperties) = preSolution
		HideSolutionNode = FALSE
	EndGlobalSection
	GlobalSection(ExtensibilityGlobals) = postSolution
		SolutionGuid = {E75B5FB4-CBDF-4435-B927-14E62B2317DF}
	EndGlobalSection
EndGlobal
